
Microsoft Visual Studio Solution File, Format Version 12.00
# Visual Studio Version 16
VisualStudioVersion = 16.0.29318.209
MinimumVisualStudioVersion = 10.0.40219.1
Project("{FAE04EC0-301F-11D3-BF4B-00C04F79EFBC}") = "OpcUa", "OpcUa.csproj", "{465DC738-9F05-4BBC-9273-95C73D734020}"
EndProject
Project("{FAE04EC0-301F-11D3-BF4B-00C04F79EFBC}") = "RoslynOpcUa", "..\RoslynOpcUa\RoslynOpcUa.csproj", "{58C575A4-2572-4DA7-AA46-6FB11EBDEE75}"
EndProject
Global
	GlobalSection(SolutionConfigurationPlatforms) = preSolution
		Debug|Any CPU = Debug|Any CPU
		Release|Any CPU = Release|Any CPU
	EndGlobalSection
	GlobalSection(ProjectConfigurationPlatforms) = postSolution
		{465DC738-9F05-4BBC-9273-95C73D734020}.Debug|Any CPU.ActiveCfg = Debug|Any CPU
		{465DC738-9F05-4BBC-9273-95C73D734020}.Debug|Any CPU.Build.0 = Debug|Any CPU
		{465DC738-9F05-4BBC-9273-95C73D734020}.Release|Any CPU.ActiveCfg = Release|Any CPU
		{465DC738-9F05-4BBC-9273-95C73D734020}.Release|Any CPU.Build.0 = Release|Any CPU
		{58C575A4-2572-4DA7-AA46-6FB11EBDEE75}.Debug|Any CPU.ActiveCfg = Debug|Any CPU
		{58C575A4-2572-4DA7-AA46-6FB11EBDEE75}.Debug|Any CPU.Build.0 = Debug|Any CPU
		{58C575A4-2572-4DA7-AA46-6FB11EBDEE75}.Release|Any CPU.ActiveCfg = Release|Any CPU
		{58C575A4-2572-4DA7-AA46-6FB11EBDEE75}.Release|Any CPU.Build.0 = Release|Any CPU
	EndGlobalSection
	GlobalSection(SolutionProperties) = preSolution
		HideSolutionNode = FALSE
	EndGlobalSection
	GlobalSection(ExtensibilityGlobals) = postSolution
		SolutionGuid = {DA68DE59-1B60-4FE5-9A81-97F89D0A6441}
	EndGlobalSection
EndGlobal
